
Microsoft Visual Studio Solution File, Format Version 12.00
# Visual Studio Version 17
VisualStudioVersion = 17.1.32407.343
MinimumVisualStudioVersion = 10.0.40219.1
Project("{9A19103F-16F7-4668-BE54-9A1E7A4F7556}") = "SimpleFactory", "SimpleFactory\SimpleFactory.csproj", "{6A215513-3EED-43DA-B279-580480F9CDEB}"
EndProject
Project("{9A19103F-16F7-4668-BE54-9A1E7A4F7556}") = "AdapterPattern", "AdapterPattern\AdapterPattern.csproj", "{C99CE1BA-847B-4981-924C-FEF51BC8B527}"
EndProject
Project("{9A19103F-16F7-4668-BE54-9A1E7A4F7556}") = "MediatorPattern", "MediatorPattern\MediatorPattern.csproj", "{EAFDC358-FABC-484D-93F4-978406754974}"
EndProject
Project("{9A19103F-16F7-4668-BE54-9A1E7A4F7556}") = "ObserverPattern", "ObserverPattern\ObserverPattern.csproj", "{245C18E5-1885-47A2-B378-4780B8A4817A}"
EndProject
Project("{FAE04EC0-301F-11D3-BF4B-00C04F79EFBC}") = "ChainPattern", "ChainPattern\ChainPattern.csproj", "{CD42450A-AA8D-4337-B1C1-30972F808DBD}"
EndProject
Global
	GlobalSection(SolutionConfigurationPlatforms) = preSolution
		Debug|Any CPU = Debug|Any CPU
		Release|Any CPU = Release|Any CPU
	EndGlobalSection
	GlobalSection(ProjectConfigurationPlatforms) = postSolution
		{6A215513-3EED-43DA-B279-580480F9CDEB}.Debug|Any CPU.ActiveCfg = Debug|Any CPU
		{6A215513-3EED-43DA-B279-580480F9CDEB}.Debug|Any CPU.Build.0 = Debug|Any CPU
		{6A215513-3EED-43DA-B279-580480F9CDEB}.Release|Any CPU.ActiveCfg = Release|Any CPU
		{6A215513-3EED-43DA-B279-580480F9CDEB}.Release|Any CPU.Build.0 = Release|Any CPU
		{C99CE1BA-847B-4981-924C-FEF51BC8B527}.Debug|Any CPU.ActiveCfg = Debug|Any CPU
		{C99CE1BA-847B-4981-924C-FEF51BC8B527}.Debug|Any CPU.Build.0 = Debug|Any CPU
		{C99CE1BA-847B-4981-924C-FEF51BC8B527}.Release|Any CPU.ActiveCfg = Release|Any CPU
		{C99CE1BA-847B-4981-924C-FEF51BC8B527}.Release|Any CPU.Build.0 = Release|Any CPU
		{EAFDC358-FABC-484D-93F4-978406754974}.Debug|Any CPU.ActiveCfg = Debug|Any CPU
		{EAFDC358-FABC-484D-93F4-978406754974}.Debug|Any CPU.Build.0 = Debug|Any CPU
		{EAFDC358-FABC-484D-93F4-978406754974}.Release|Any CPU.ActiveCfg = Release|Any CPU
		{EAFDC358-FABC-484D-93F4-978406754974}.Release|Any CPU.Build.0 = Release|Any CPU
		{245C18E5-1885-47A2-B378-4780B8A4817A}.Debug|Any CPU.ActiveCfg = Debug|Any CPU
		{245C18E5-1885-47A2-B378-4780B8A4817A}.Debug|Any CPU.Build.0 = Debug|Any CPU
		{245C18E5-1885-47A2-B378-4780B8A4817A}.Release|Any CPU.ActiveCfg = Release|Any CPU
		{245C18E5-1885-47A2-B378-4780B8A4817A}.Release|Any CPU.Build.0 = Release|Any CPU
		{CD42450A-AA8D-4337-B1C1-30972F808DBD}.Debug|Any CPU.ActiveCfg = Debug|Any CPU
		{CD42450A-AA8D-4337-B1C1-30972F808DBD}.Debug|Any CPU.Build.0 = Debug|Any CPU
		{CD42450A-AA8D-4337-B1C1-30972F808DBD}.Release|Any CPU.ActiveCfg = Release|Any CPU
		{CD42450A-AA8D-4337-B1C1-30972F808DBD}.Release|Any CPU.Build.0 = Release|Any CPU
	EndGlobalSection
	GlobalSection(SolutionProperties) = preSolution
		HideSolutionNode = FALSE
	EndGlobalSection
	GlobalSection(ExtensibilityGlobals) = postSolution
		SolutionGuid = {5EF7C6DF-A9EB-4264-B57D-F799BBF097AC}
	EndGlobalSection
EndGlobal
